
Microsoft Visual Studio Solution File, Format Version 12.00
# Visual Studio Version 17
VisualStudioVersion = 17.10.35027.167
MinimumVisualStudioVersion = 10.0.40219.1
Project("{9A19103F-16F7-4668-BE54-9A1E7A4F7556}") = "SeoCheckerApi", "SeoCheckerApi\SeoCheckerApi.csproj", "{88717AD5-E2E2-43BC-A8EB-BDB92259B40A}"
EndProject
Project("{9A19103F-16F7-4668-BE54-9A1E7A4F7556}") = "Application", "Application\Application.csproj", "{AE91750E-2E9B-47FA-A399-E08BA3894C11}"
EndProject
Project("{9A19103F-16F7-4668-BE54-9A1E7A4F7556}") = "Infrastructure", "Infrastructure\Infrastructure.csproj", "{8158201F-07D5-4B71-B7C2-167A4C536B5C}"
EndProject
Project("{9A19103F-16F7-4668-BE54-9A1E7A4F7556}") = "Domain", "Domain\Domain.csproj", "{EE89C407-D792-4DB1-8E63-9F212FA222EC}"
EndProject
Project("{9A19103F-16F7-4668-BE54-9A1E7A4F7556}") = "Tests", "Tests\Tests.csproj", "{3DE826EA-AB6A-4717-B59E-56E7843EEB03}"
EndProject
Global
	GlobalSection(SolutionConfigurationPlatforms) = preSolution
		Debug|Any CPU = Debug|Any CPU
		Release|Any CPU = Release|Any CPU
	EndGlobalSection
	GlobalSection(ProjectConfigurationPlatforms) = postSolution
		{88717AD5-E2E2-43BC-A8EB-BDB92259B40A}.Debug|Any CPU.ActiveCfg = Debug|Any CPU
		{88717AD5-E2E2-43BC-A8EB-BDB92259B40A}.Debug|Any CPU.Build.0 = Debug|Any CPU
		{88717AD5-E2E2-43BC-A8EB-BDB92259B40A}.Release|Any CPU.ActiveCfg = Release|Any CPU
		{88717AD5-E2E2-43BC-A8EB-BDB92259B40A}.Release|Any CPU.Build.0 = Release|Any CPU
		{AE91750E-2E9B-47FA-A399-E08BA3894C11}.Debug|Any CPU.ActiveCfg = Debug|Any CPU
		{AE91750E-2E9B-47FA-A399-E08BA3894C11}.Debug|Any CPU.Build.0 = Debug|Any CPU
		{AE91750E-2E9B-47FA-A399-E08BA3894C11}.Release|Any CPU.ActiveCfg = Release|Any CPU
		{AE91750E-2E9B-47FA-A399-E08BA3894C11}.Release|Any CPU.Build.0 = Release|Any CPU
		{8158201F-07D5-4B71-B7C2-167A4C536B5C}.Debug|Any CPU.ActiveCfg = Debug|Any CPU
		{8158201F-07D5-4B71-B7C2-167A4C536B5C}.Debug|Any CPU.Build.0 = Debug|Any CPU
		{8158201F-07D5-4B71-B7C2-167A4C536B5C}.Release|Any CPU.ActiveCfg = Release|Any CPU
		{8158201F-07D5-4B71-B7C2-167A4C536B5C}.Release|Any CPU.Build.0 = Release|Any CPU
		{EE89C407-D792-4DB1-8E63-9F212FA222EC}.Debug|Any CPU.ActiveCfg = Debug|Any CPU
		{EE89C407-D792-4DB1-8E63-9F212FA222EC}.Debug|Any CPU.Build.0 = Debug|Any CPU
		{EE89C407-D792-4DB1-8E63-9F212FA222EC}.Release|Any CPU.ActiveCfg = Release|Any CPU
		{EE89C407-D792-4DB1-8E63-9F212FA222EC}.Release|Any CPU.Build.0 = Release|Any CPU
		{3DE826EA-AB6A-4717-B59E-56E7843EEB03}.Debug|Any CPU.ActiveCfg = Debug|Any CPU
		{3DE826EA-AB6A-4717-B59E-56E7843EEB03}.Debug|Any CPU.Build.0 = Debug|Any CPU
		{3DE826EA-AB6A-4717-B59E-56E7843EEB03}.Release|Any CPU.ActiveCfg = Release|Any CPU
		{3DE826EA-AB6A-4717-B59E-56E7843EEB03}.Release|Any CPU.Build.0 = Release|Any CPU
	EndGlobalSection
	GlobalSection(SolutionProperties) = preSolution
		HideSolutionNode = FALSE
	EndGlobalSection
	GlobalSection(ExtensibilityGlobals) = postSolution
		SolutionGuid = {A42B0B49-05E7-4A06-B5B1-169A8FF6401C}
	EndGlobalSection
EndGlobal
